{
  "version": 4,
  "terraform_version": "1.1.4",
  "serial": 146,
  "lineage": "1a478927-6d06-5ff9-56bd-497a01442c07",
  "outputs": {
    "external_ip_address_clickhouse-01_yandex_cloud": {
      "value": "51.250.88.13",
      "type": "string"
    },
    "external_ip_address_lighthouse-01_yandex_cloud": {
      "value": "51.250.86.55",
      "type": "string"
    },
    "external_ip_address_vector-01_yandex_cloud": {
      "value": "51.250.91.234",
      "type": "string"
    }
  },
  "resources": [
    {
      "mode": "managed",
      "type": "yandex_compute_instance",
      "name": "clickhouse-01",
      "provider": "provider[\"registry.terraform.io/yandex-cloud/yandex\"]",
      "instances": [
        {
          "schema_version": 1,
          "attributes": {
            "allow_recreate": null,
            "allow_stopping_for_update": true,
            "boot_disk": [
              {
                "auto_delete": true,
                "device_name": "fhmg01ljvi2n7eujvps9",
                "disk_id": "fhmg01ljvi2n7eujvps9",
                "initialize_params": [
                  {
                    "block_size": 4096,
                    "description": "",
                    "image_id": "fd8p7vi5c5bbs2s5i67s",
                    "name": "clickhouse-01",
                    "size": 30,
                    "snapshot_id": "",
                    "type": "network-ssd"
                  }
                ],
                "mode": "READ_WRITE"
              }
            ],
            "created_at": "2022-05-18T08:33:13Z",
            "description": "",
            "folder_id": "b1gbdtedb4koa56sb2rr",
            "fqdn": "clickhouse-01.netology.cloud",
            "hostname": "clickhouse-01",
            "id": "fhmqlitv67t50ulbvjhg",
            "labels": null,
            "metadata": {
              "ssh-keys": "centos:ssh-rsa AAAAB3NzaC1yc2EAAAADAQABAAABAQCuYWY5aa5wSMmorUwB36UTh5J2ieO1Lf69CnubH4Tur0leZAyxbAwSUHJbUkfMQ8Z3jATjDnnTJiuGVvuiBUFD72K6Q+TWfbnwGYI1JdhMmWvlICnF6LtR41FWOPiWGZEcWxEyL59w5Y1P1ueiZOUchKuWEdRf1R5Yxfr+3wr6XbyiGAaBIS35vO9TmIpeo/Gcvs0o4EeTGa7dV1SwZZMdQIrJ+VshB3LMZyt95VGg42SMYjC5rvG4lX1y7OzKvYWNaiXKHgIZRkaBJwHovpAqmOm+3CC4ewSqzeo4JzX2eJ4v9kVh40IGxg/wfBw1hhO69D847lMiuVr5nYGMC7ch cats@host-63\n"
            },
            "name": "clickhouse-01",
            "network_acceleration_type": "standard",
            "network_interface": [
              {
                "dns_record": [],
                "index": 0,
                "ip_address": "192.168.101.71",
                "ipv4": true,
                "ipv6": false,
                "ipv6_address": "",
                "ipv6_dns_record": [],
                "mac_address": "d0:0d:1a:ac:bb:f3",
                "nat": true,
                "nat_dns_record": [],
                "nat_ip_address": "51.250.88.13",
                "nat_ip_version": "IPV4",
                "security_group_ids": [],
                "subnet_id": "e9b0vcu55aptk7dc9ump"
              }
            ],
            "placement_policy": [
              {
                "host_affinity_rules": [],
                "placement_group_id": ""
              }
            ],
            "platform_id": "standard-v1",
            "resources": [
              {
                "core_fraction": 100,
                "cores": 4,
                "gpus": 0,
                "memory": 4
              }
            ],
            "scheduling_policy": [
              {
                "preemptible": false
              }
            ],
            "secondary_disk": [],
            "service_account_id": "",
            "status": "running",
            "timeouts": null,
            "zone": "ru-central1-a"
          },
          "sensitive_attributes": [],
          "private": "eyJlMmJmYjczMC1lY2FhLTExZTYtOGY4OC0zNDM2M2JjN2M0YzAiOnsiY3JlYXRlIjozMDAwMDAwMDAwMDAsImRlbGV0ZSI6MzAwMDAwMDAwMDAwLCJ1cGRhdGUiOjMwMDAwMDAwMDAwMH0sInNjaGVtYV92ZXJzaW9uIjoiMSJ9",
          "dependencies": [
            "yandex_vpc_network.default",
            "yandex_vpc_subnet.default"
          ]
        }
      ]
    },
    {
      "mode": "managed",
      "type": "yandex_compute_instance",
      "name": "lighthouse-01",
      "provider": "provider[\"registry.terraform.io/yandex-cloud/yandex\"]",
      "instances": [
        {
          "schema_version": 1,
          "attributes": {
            "allow_recreate": null,
            "allow_stopping_for_update": true,
            "boot_disk": [
              {
                "auto_delete": true,
                "device_name": "fhm9kbrf3g3h8rspii8e",
                "disk_id": "fhm9kbrf3g3h8rspii8e",
                "initialize_params": [
                  {
                    "block_size": 4096,
                    "description": "",
                    "image_id": "fd8p7vi5c5bbs2s5i67s",
                    "name": "lighthouse-01",
                    "size": 30,
                    "snapshot_id": "",
                    "type": "network-ssd"
                  }
                ],
                "mode": "READ_WRITE"
              }
            ],
            "created_at": "2022-05-18T08:33:13Z",
            "description": "",
            "folder_id": "b1gbdtedb4koa56sb2rr",
            "fqdn": "lighthouse-01.netology.cloud",
            "hostname": "lighthouse-01",
            "id": "fhmo8eoj7k0jr9dcgtir",
            "labels": null,
            "metadata": {
              "ssh-keys": "centos:ssh-rsa AAAAB3NzaC1yc2EAAAADAQABAAABAQCuYWY5aa5wSMmorUwB36UTh5J2ieO1Lf69CnubH4Tur0leZAyxbAwSUHJbUkfMQ8Z3jATjDnnTJiuGVvuiBUFD72K6Q+TWfbnwGYI1JdhMmWvlICnF6LtR41FWOPiWGZEcWxEyL59w5Y1P1ueiZOUchKuWEdRf1R5Yxfr+3wr6XbyiGAaBIS35vO9TmIpeo/Gcvs0o4EeTGa7dV1SwZZMdQIrJ+VshB3LMZyt95VGg42SMYjC5rvG4lX1y7OzKvYWNaiXKHgIZRkaBJwHovpAqmOm+3CC4ewSqzeo4JzX2eJ4v9kVh40IGxg/wfBw1hhO69D847lMiuVr5nYGMC7ch cats@host-63\n"
            },
            "name": "lighthouse-01",
            "network_acceleration_type": "standard",
            "network_interface": [
              {
                "dns_record": [],
                "index": 0,
                "ip_address": "192.168.101.73",
                "ipv4": true,
                "ipv6": false,
                "ipv6_address": "",
                "ipv6_dns_record": [],
                "mac_address": "d0:0d:18:43:b1:33",
                "nat": true,
                "nat_dns_record": [],
                "nat_ip_address": "51.250.86.55",
                "nat_ip_version": "IPV4",
                "security_group_ids": [],
                "subnet_id": "e9b0vcu55aptk7dc9ump"
              }
            ],
            "placement_policy": [
              {
                "host_affinity_rules": [],
                "placement_group_id": ""
              }
            ],
            "platform_id": "standard-v1",
            "resources": [
              {
                "core_fraction": 100,
                "cores": 4,
                "gpus": 0,
                "memory": 4
              }
            ],
            "scheduling_policy": [
              {
                "preemptible": false
              }
            ],
            "secondary_disk": [],
            "service_account_id": "",
            "status": "running",
            "timeouts": null,
            "zone": "ru-central1-a"
          },
          "sensitive_attributes": [],
          "private": "eyJlMmJmYjczMC1lY2FhLTExZTYtOGY4OC0zNDM2M2JjN2M0YzAiOnsiY3JlYXRlIjozMDAwMDAwMDAwMDAsImRlbGV0ZSI6MzAwMDAwMDAwMDAwLCJ1cGRhdGUiOjMwMDAwMDAwMDAwMH0sInNjaGVtYV92ZXJzaW9uIjoiMSJ9",
          "dependencies": [
            "yandex_vpc_network.default",
            "yandex_vpc_subnet.default"
          ]
        }
      ]
    },
    {
      "mode": "managed",
      "type": "yandex_compute_instance",
      "name": "vector-01",
      "provider": "provider[\"registry.terraform.io/yandex-cloud/yandex\"]",
      "instances": [
        {
          "schema_version": 1,
          "attributes": {
            "allow_recreate": null,
            "allow_stopping_for_update": true,
            "boot_disk": [
              {
                "auto_delete": true,
                "device_name": "fhmhq4bemprgfv551tm9",
                "disk_id": "fhmhq4bemprgfv551tm9",
                "initialize_params": [
                  {
                    "block_size": 4096,
                    "description": "",
                    "image_id": "fd8p7vi5c5bbs2s5i67s",
                    "name": "vector-01",
                    "size": 30,
                    "snapshot_id": "",
                    "type": "network-ssd"
                  }
                ],
                "mode": "READ_WRITE"
              }
            ],
            "created_at": "2022-05-18T08:33:13Z",
            "description": "",
            "folder_id": "b1gbdtedb4koa56sb2rr",
            "fqdn": "vector-01.netology.cloud",
            "hostname": "vector-01",
            "id": "fhmn4992mlk8loq08d1h",
            "labels": null,
            "metadata": {
              "ssh-keys": "centos:ssh-rsa AAAAB3NzaC1yc2EAAAADAQABAAABAQCuYWY5aa5wSMmorUwB36UTh5J2ieO1Lf69CnubH4Tur0leZAyxbAwSUHJbUkfMQ8Z3jATjDnnTJiuGVvuiBUFD72K6Q+TWfbnwGYI1JdhMmWvlICnF6LtR41FWOPiWGZEcWxEyL59w5Y1P1ueiZOUchKuWEdRf1R5Yxfr+3wr6XbyiGAaBIS35vO9TmIpeo/Gcvs0o4EeTGa7dV1SwZZMdQIrJ+VshB3LMZyt95VGg42SMYjC5rvG4lX1y7OzKvYWNaiXKHgIZRkaBJwHovpAqmOm+3CC4ewSqzeo4JzX2eJ4v9kVh40IGxg/wfBw1hhO69D847lMiuVr5nYGMC7ch cats@host-63\n"
            },
            "name": "vector-01",
            "network_acceleration_type": "standard",
            "network_interface": [
              {
                "dns_record": [],
                "index": 0,
                "ip_address": "192.168.101.72",
                "ipv4": true,
                "ipv6": false,
                "ipv6_address": "",
                "ipv6_dns_record": [],
                "mac_address": "d0:0d:17:22:52:2b",
                "nat": true,
                "nat_dns_record": [],
                "nat_ip_address": "51.250.91.234",
                "nat_ip_version": "IPV4",
                "security_group_ids": [],
                "subnet_id": "e9b0vcu55aptk7dc9ump"
              }
            ],
            "placement_policy": [
              {
                "host_affinity_rules": [],
                "placement_group_id": ""
              }
            ],
            "platform_id": "standard-v1",
            "resources": [
              {
                "core_fraction": 100,
                "cores": 4,
                "gpus": 0,
                "memory": 4
              }
            ],
            "scheduling_policy": [
              {
                "preemptible": false
              }
            ],
            "secondary_disk": [],
            "service_account_id": "",
            "status": "running",
            "timeouts": null,
            "zone": "ru-central1-a"
          },
          "sensitive_attributes": [],
          "private": "eyJlMmJmYjczMC1lY2FhLTExZTYtOGY4OC0zNDM2M2JjN2M0YzAiOnsiY3JlYXRlIjozMDAwMDAwMDAwMDAsImRlbGV0ZSI6MzAwMDAwMDAwMDAwLCJ1cGRhdGUiOjMwMDAwMDAwMDAwMH0sInNjaGVtYV92ZXJzaW9uIjoiMSJ9",
          "dependencies": [
            "yandex_vpc_network.default",
            "yandex_vpc_subnet.default"
          ]
        }
      ]
    },
    {
      "mode": "managed",
      "type": "yandex_vpc_network",
      "name": "default",
      "provider": "provider[\"registry.terraform.io/yandex-cloud/yandex\"]",
      "instances": [
        {
          "schema_version": 0,
          "attributes": {
            "created_at": "2022-05-18T08:33:11Z",
            "default_security_group_id": "",
            "description": "",
            "folder_id": "b1gbdtedb4koa56sb2rr",
            "id": "enpvvrgq2j6jgeguahqv",
            "labels": {},
            "name": "net",
            "subnet_ids": [],
            "timeouts": null
          },
          "sensitive_attributes": [],
          "private": "eyJlMmJmYjczMC1lY2FhLTExZTYtOGY4OC0zNDM2M2JjN2M0YzAiOnsiY3JlYXRlIjo2MDAwMDAwMDAwMCwiZGVsZXRlIjo2MDAwMDAwMDAwMCwidXBkYXRlIjo2MDAwMDAwMDAwMH19"
        }
      ]
    },
    {
      "mode": "managed",
      "type": "yandex_vpc_subnet",
      "name": "default",
      "provider": "provider[\"registry.terraform.io/yandex-cloud/yandex\"]",
      "instances": [
        {
          "schema_version": 0,
          "attributes": {
            "created_at": "2022-05-18T08:33:11Z",
            "description": "",
            "dhcp_options": [],
            "folder_id": "b1gbdtedb4koa56sb2rr",
            "id": "e9b0vcu55aptk7dc9ump",
            "labels": {},
            "name": "subnet",
            "network_id": "enpvvrgq2j6jgeguahqv",
            "route_table_id": "",
            "timeouts": null,
            "v4_cidr_blocks": [
              "192.168.101.0/24"
            ],
            "v6_cidr_blocks": [],
            "zone": "ru-central1-a"
          },
          "sensitive_attributes": [],
          "private": "eyJlMmJmYjczMC1lY2FhLTExZTYtOGY4OC0zNDM2M2JjN2M0YzAiOnsiY3JlYXRlIjoxODAwMDAwMDAwMDAsImRlbGV0ZSI6MTgwMDAwMDAwMDAwLCJ1cGRhdGUiOjE4MDAwMDAwMDAwMH19",
          "dependencies": [
            "yandex_vpc_network.default"
          ]
        }
      ]
    }
  ]
}
