{
  "version": 4,
  "terraform_version": "1.1.9",
  "serial": 160,
  "lineage": "1a478927-6d06-5ff9-56bd-497a01442c07",
  "outputs": {
    "external_ip_address_clickhouse-01_yandex_cloud": {
      "value": "51.250.73.194",
      "type": "string"
    },
    "external_ip_address_lighthouse-01_yandex_cloud": {
      "value": "51.250.93.71",
      "type": "string"
    },
    "external_ip_address_vector-01_yandex_cloud": {
      "value": "51.250.83.154",
      "type": "string"
    }
  },
  "resources": [
    {
      "mode": "managed",
      "type": "yandex_compute_instance",
      "name": "clickhouse-01",
      "provider": "provider[\"registry.terraform.io/yandex-cloud/yandex\"]",
      "instances": [
        {
          "schema_version": 1,
          "attributes": {
            "allow_recreate": null,
            "allow_stopping_for_update": true,
            "boot_disk": [
              {
                "auto_delete": true,
                "device_name": "fhmski2vlotps8ehvtc3",
                "disk_id": "fhmski2vlotps8ehvtc3",
                "initialize_params": [
                  {
                    "block_size": 4096,
                    "description": "",
                    "image_id": "fd8p7vi5c5bbs2s5i67s",
                    "name": "clickhouse-01",
                    "size": 30,
                    "snapshot_id": "",
                    "type": "network-ssd"
                  }
                ],
                "mode": "READ_WRITE"
              }
            ],
            "created_at": "2022-05-30T20:24:36Z",
            "description": "",
            "folder_id": "b1gbdtedb4koa56sb2rr",
            "fqdn": "clickhouse-01.netology.cloud",
            "hostname": "clickhouse-01",
            "id": "fhm1c745s8v6er6gsstc",
            "labels": null,
            "metadata": {
              "ssh-keys": "centos:ssh-rsa AAAAB3NzaC1yc2EAAAADAQABAAABAQCrwLw+kq6FL9TspMOvpvxoRm/37BFsI2dCu6P1GnRY/Eb5uRySuvfgk8ez5kw2aCRVpXU5LFnm7L6w9uLpLe2z2D3tLQ+WkAy+WIS/y8/Psf3a2l9OFCEEGGVHMvfvY3ZwXbdxz8IF3njTbF7U3bD7ZG74+zUXv2uXM5yxuDcRW0T3vXi6lUCLO5Il+bRY/F26fKa7nbkKIcBY9f9aAu/LbHPzjAJLooD46V4+Jv7HxPsDvzyxkDwYyeX0ytL7TcqZJYIieypSmzuxem0KxI+4GaCh5v03aKCaoEfx6qVrURRjbwnMNsSFaPdU/pKm+eTay8E3NTKqtr5qEyee0+9n andrej@aspire\n"
            },
            "name": "clickhouse-01",
            "network_acceleration_type": "standard",
            "network_interface": [
              {
                "dns_record": [],
                "index": 0,
                "ip_address": "192.168.101.71",
                "ipv4": true,
                "ipv6": false,
                "ipv6_address": "",
                "ipv6_dns_record": [],
                "mac_address": "d0:0d:16:1c:85:e2",
                "nat": true,
                "nat_dns_record": [],
                "nat_ip_address": "51.250.73.194",
                "nat_ip_version": "IPV4",
                "security_group_ids": [],
                "subnet_id": "e9bbmpadp7nr35g83apn"
              }
            ],
            "placement_policy": [
              {
                "host_affinity_rules": [],
                "placement_group_id": ""
              }
            ],
            "platform_id": "standard-v1",
            "resources": [
              {
                "core_fraction": 100,
                "cores": 4,
                "gpus": 0,
                "memory": 4
              }
            ],
            "scheduling_policy": [
              {
                "preemptible": false
              }
            ],
            "secondary_disk": [],
            "service_account_id": "",
            "status": "running",
            "timeouts": null,
            "zone": "ru-central1-a"
          },
          "sensitive_attributes": [],
          "private": "eyJlMmJmYjczMC1lY2FhLTExZTYtOGY4OC0zNDM2M2JjN2M0YzAiOnsiY3JlYXRlIjozMDAwMDAwMDAwMDAsImRlbGV0ZSI6MzAwMDAwMDAwMDAwLCJ1cGRhdGUiOjMwMDAwMDAwMDAwMH0sInNjaGVtYV92ZXJzaW9uIjoiMSJ9",
          "dependencies": [
            "yandex_vpc_network.default",
            "yandex_vpc_subnet.default"
          ]
        }
      ]
    },
    {
      "mode": "managed",
      "type": "yandex_compute_instance",
      "name": "lighthouse-01",
      "provider": "provider[\"registry.terraform.io/yandex-cloud/yandex\"]",
      "instances": [
        {
          "schema_version": 1,
          "attributes": {
            "allow_recreate": null,
            "allow_stopping_for_update": true,
            "boot_disk": [
              {
                "auto_delete": true,
                "device_name": "fhm6mouqp7mmn5ear08c",
                "disk_id": "fhm6mouqp7mmn5ear08c",
                "initialize_params": [
                  {
                    "block_size": 4096,
                    "description": "",
                    "image_id": "fd8p7vi5c5bbs2s5i67s",
                    "name": "lighthouse-01",
                    "size": 30,
                    "snapshot_id": "",
                    "type": "network-ssd"
                  }
                ],
                "mode": "READ_WRITE"
              }
            ],
            "created_at": "2022-05-30T20:24:36Z",
            "description": "",
            "folder_id": "b1gbdtedb4koa56sb2rr",
            "fqdn": "lighthouse-01.netology.cloud",
            "hostname": "lighthouse-01",
            "id": "fhm6ef72pcghb03jns78",
            "labels": null,
            "metadata": {
              "ssh-keys": "centos:ssh-rsa AAAAB3NzaC1yc2EAAAADAQABAAABAQCrwLw+kq6FL9TspMOvpvxoRm/37BFsI2dCu6P1GnRY/Eb5uRySuvfgk8ez5kw2aCRVpXU5LFnm7L6w9uLpLe2z2D3tLQ+WkAy+WIS/y8/Psf3a2l9OFCEEGGVHMvfvY3ZwXbdxz8IF3njTbF7U3bD7ZG74+zUXv2uXM5yxuDcRW0T3vXi6lUCLO5Il+bRY/F26fKa7nbkKIcBY9f9aAu/LbHPzjAJLooD46V4+Jv7HxPsDvzyxkDwYyeX0ytL7TcqZJYIieypSmzuxem0KxI+4GaCh5v03aKCaoEfx6qVrURRjbwnMNsSFaPdU/pKm+eTay8E3NTKqtr5qEyee0+9n andrej@aspire\n"
            },
            "name": "lighthouse-01",
            "network_acceleration_type": "standard",
            "network_interface": [
              {
                "dns_record": [],
                "index": 0,
                "ip_address": "192.168.101.73",
                "ipv4": true,
                "ipv6": false,
                "ipv6_address": "",
                "ipv6_dns_record": [],
                "mac_address": "d0:0d:67:3c:e2:cb",
                "nat": true,
                "nat_dns_record": [],
                "nat_ip_address": "51.250.93.71",
                "nat_ip_version": "IPV4",
                "security_group_ids": [],
                "subnet_id": "e9bbmpadp7nr35g83apn"
              }
            ],
            "placement_policy": [
              {
                "host_affinity_rules": [],
                "placement_group_id": ""
              }
            ],
            "platform_id": "standard-v1",
            "resources": [
              {
                "core_fraction": 100,
                "cores": 4,
                "gpus": 0,
                "memory": 4
              }
            ],
            "scheduling_policy": [
              {
                "preemptible": false
              }
            ],
            "secondary_disk": [],
            "service_account_id": "",
            "status": "running",
            "timeouts": null,
            "zone": "ru-central1-a"
          },
          "sensitive_attributes": [],
          "private": "eyJlMmJmYjczMC1lY2FhLTExZTYtOGY4OC0zNDM2M2JjN2M0YzAiOnsiY3JlYXRlIjozMDAwMDAwMDAwMDAsImRlbGV0ZSI6MzAwMDAwMDAwMDAwLCJ1cGRhdGUiOjMwMDAwMDAwMDAwMH0sInNjaGVtYV92ZXJzaW9uIjoiMSJ9",
          "dependencies": [
            "yandex_vpc_network.default",
            "yandex_vpc_subnet.default"
          ]
        }
      ]
    },
    {
      "mode": "managed",
      "type": "yandex_compute_instance",
      "name": "vector-01",
      "provider": "provider[\"registry.terraform.io/yandex-cloud/yandex\"]",
      "instances": [
        {
          "schema_version": 1,
          "attributes": {
            "allow_recreate": null,
            "allow_stopping_for_update": true,
            "boot_disk": [
              {
                "auto_delete": true,
                "device_name": "fhmqme6d23gman0ifn2u",
                "disk_id": "fhmqme6d23gman0ifn2u",
                "initialize_params": [
                  {
                    "block_size": 4096,
                    "description": "",
                    "image_id": "fd8p7vi5c5bbs2s5i67s",
                    "name": "vector-01",
                    "size": 30,
                    "snapshot_id": "",
                    "type": "network-ssd"
                  }
                ],
                "mode": "READ_WRITE"
              }
            ],
            "created_at": "2022-05-30T20:24:36Z",
            "description": "",
            "folder_id": "b1gbdtedb4koa56sb2rr",
            "fqdn": "vector-01.netology.cloud",
            "hostname": "vector-01",
            "id": "fhml33870e9m12gv8kdf",
            "labels": null,
            "metadata": {
              "ssh-keys": "centos:ssh-rsa AAAAB3NzaC1yc2EAAAADAQABAAABAQCrwLw+kq6FL9TspMOvpvxoRm/37BFsI2dCu6P1GnRY/Eb5uRySuvfgk8ez5kw2aCRVpXU5LFnm7L6w9uLpLe2z2D3tLQ+WkAy+WIS/y8/Psf3a2l9OFCEEGGVHMvfvY3ZwXbdxz8IF3njTbF7U3bD7ZG74+zUXv2uXM5yxuDcRW0T3vXi6lUCLO5Il+bRY/F26fKa7nbkKIcBY9f9aAu/LbHPzjAJLooD46V4+Jv7HxPsDvzyxkDwYyeX0ytL7TcqZJYIieypSmzuxem0KxI+4GaCh5v03aKCaoEfx6qVrURRjbwnMNsSFaPdU/pKm+eTay8E3NTKqtr5qEyee0+9n andrej@aspire\n"
            },
            "name": "vector-01",
            "network_acceleration_type": "standard",
            "network_interface": [
              {
                "dns_record": [],
                "index": 0,
                "ip_address": "192.168.101.72",
                "ipv4": true,
                "ipv6": false,
                "ipv6_address": "",
                "ipv6_dns_record": [],
                "mac_address": "d0:0d:15:18:d0:70",
                "nat": true,
                "nat_dns_record": [],
                "nat_ip_address": "51.250.83.154",
                "nat_ip_version": "IPV4",
                "security_group_ids": [],
                "subnet_id": "e9bbmpadp7nr35g83apn"
              }
            ],
            "placement_policy": [
              {
                "host_affinity_rules": [],
                "placement_group_id": ""
              }
            ],
            "platform_id": "standard-v1",
            "resources": [
              {
                "core_fraction": 100,
                "cores": 4,
                "gpus": 0,
                "memory": 4
              }
            ],
            "scheduling_policy": [
              {
                "preemptible": false
              }
            ],
            "secondary_disk": [],
            "service_account_id": "",
            "status": "running",
            "timeouts": null,
            "zone": "ru-central1-a"
          },
          "sensitive_attributes": [],
          "private": "eyJlMmJmYjczMC1lY2FhLTExZTYtOGY4OC0zNDM2M2JjN2M0YzAiOnsiY3JlYXRlIjozMDAwMDAwMDAwMDAsImRlbGV0ZSI6MzAwMDAwMDAwMDAwLCJ1cGRhdGUiOjMwMDAwMDAwMDAwMH0sInNjaGVtYV92ZXJzaW9uIjoiMSJ9",
          "dependencies": [
            "yandex_vpc_network.default",
            "yandex_vpc_subnet.default"
          ]
        }
      ]
    },
    {
      "mode": "managed",
      "type": "yandex_vpc_network",
      "name": "default",
      "provider": "provider[\"registry.terraform.io/yandex-cloud/yandex\"]",
      "instances": [
        {
          "schema_version": 0,
          "attributes": {
            "created_at": "2022-05-30T20:24:34Z",
            "default_security_group_id": "",
            "description": "",
            "folder_id": "b1gbdtedb4koa56sb2rr",
            "id": "enp8dtkbv65sn6ms9l13",
            "labels": {},
            "name": "net",
            "subnet_ids": [],
            "timeouts": null
          },
          "sensitive_attributes": [],
          "private": "eyJlMmJmYjczMC1lY2FhLTExZTYtOGY4OC0zNDM2M2JjN2M0YzAiOnsiY3JlYXRlIjo2MDAwMDAwMDAwMCwiZGVsZXRlIjo2MDAwMDAwMDAwMCwidXBkYXRlIjo2MDAwMDAwMDAwMH19"
        }
      ]
    },
    {
      "mode": "managed",
      "type": "yandex_vpc_subnet",
      "name": "default",
      "provider": "provider[\"registry.terraform.io/yandex-cloud/yandex\"]",
      "instances": [
        {
          "schema_version": 0,
          "attributes": {
            "created_at": "2022-05-30T20:24:35Z",
            "description": "",
            "dhcp_options": [],
            "folder_id": "b1gbdtedb4koa56sb2rr",
            "id": "e9bbmpadp7nr35g83apn",
            "labels": {},
            "name": "subnet",
            "network_id": "enp8dtkbv65sn6ms9l13",
            "route_table_id": "",
            "timeouts": null,
            "v4_cidr_blocks": [
              "192.168.101.0/24"
            ],
            "v6_cidr_blocks": [],
            "zone": "ru-central1-a"
          },
          "sensitive_attributes": [],
          "private": "eyJlMmJmYjczMC1lY2FhLTExZTYtOGY4OC0zNDM2M2JjN2M0YzAiOnsiY3JlYXRlIjoxODAwMDAwMDAwMDAsImRlbGV0ZSI6MTgwMDAwMDAwMDAwLCJ1cGRhdGUiOjE4MDAwMDAwMDAwMH19",
          "dependencies": [
            "yandex_vpc_network.default"
          ]
        }
      ]
    }
  ]
}
